
Microsoft Visual Studio Solution File, Format Version 12.00
# Visual Studio 14
VisualStudioVersion = 14.0.25420.1
MinimumVisualStudioVersion = 10.0.40219.1
Project("{FAE04EC0-301F-11D3-BF4B-00C04F79EFBC}") = "AnyCPU", "AnyCPU\AnyCPU.csproj", "{1AB5037D-FBA8-49E9-A5A6-E052B98A7E1B}"
	ProjectSection(ProjectDependencies) = postProject
		{B09C46E2-BD25-4F2D-A2F1-940AF36A5E11} = {B09C46E2-BD25-4F2D-A2F1-940AF36A5E11}
	EndProjectSection
EndProject
Project("{8BC9CEB8-8B4A-11D0-8D11-00A0C91BC942}") = "AnyCPU.Interop", "AnyCPU.Interop\AnyCPU.Interop.vcxproj", "{B09C46E2-BD25-4F2D-A2F1-940AF36A5E11}"
EndProject
Project("{FAE04EC0-301F-11D3-BF4B-00C04F79EFBC}") = "AnyCPU.Test.Distribute", "AnyCPU.Test.Distribute\AnyCPU.Test.Distribute.csproj", "{714E1E66-992D-4142-9340-20FD5DE434CE}"
	ProjectSection(ProjectDependencies) = postProject
		{1AB5037D-FBA8-49E9-A5A6-E052B98A7E1B} = {1AB5037D-FBA8-49E9-A5A6-E052B98A7E1B}
	EndProjectSection
EndProject
Project("{FAE04EC0-301F-11D3-BF4B-00C04F79EFBC}") = "AnyCPU.Test.Develop", "AnyCPU.Test.Develop\AnyCPU.Test.Develop.csproj", "{8C32D695-9356-438D-A3BC-74E66E11B697}"
EndProject
Global
	GlobalSection(SolutionConfigurationPlatforms) = preSolution
		Debug|Any CPU = Debug|Any CPU
		Debug|x64 = Debug|x64
		Debug|x86 = Debug|x86
		Release|Any CPU = Release|Any CPU
		Release|x64 = Release|x64
		Release|x86 = Release|x86
	EndGlobalSection
	GlobalSection(ProjectConfigurationPlatforms) = postSolution
		{1AB5037D-FBA8-49E9-A5A6-E052B98A7E1B}.Debug|Any CPU.ActiveCfg = Debug|Any CPU
		{1AB5037D-FBA8-49E9-A5A6-E052B98A7E1B}.Debug|Any CPU.Build.0 = Debug|Any CPU
		{1AB5037D-FBA8-49E9-A5A6-E052B98A7E1B}.Debug|x64.ActiveCfg = Debug|Any CPU
		{1AB5037D-FBA8-49E9-A5A6-E052B98A7E1B}.Debug|x64.Build.0 = Debug|Any CPU
		{1AB5037D-FBA8-49E9-A5A6-E052B98A7E1B}.Debug|x86.ActiveCfg = Debug|Any CPU
		{1AB5037D-FBA8-49E9-A5A6-E052B98A7E1B}.Debug|x86.Build.0 = Debug|Any CPU
		{1AB5037D-FBA8-49E9-A5A6-E052B98A7E1B}.Release|Any CPU.ActiveCfg = Release|Any CPU
		{1AB5037D-FBA8-49E9-A5A6-E052B98A7E1B}.Release|Any CPU.Build.0 = Release|Any CPU
		{1AB5037D-FBA8-49E9-A5A6-E052B98A7E1B}.Release|x64.ActiveCfg = Release|Any CPU
		{1AB5037D-FBA8-49E9-A5A6-E052B98A7E1B}.Release|x64.Build.0 = Release|Any CPU
		{1AB5037D-FBA8-49E9-A5A6-E052B98A7E1B}.Release|x86.ActiveCfg = Release|Any CPU
		{1AB5037D-FBA8-49E9-A5A6-E052B98A7E1B}.Release|x86.Build.0 = Release|Any CPU
		{B09C46E2-BD25-4F2D-A2F1-940AF36A5E11}.Debug|Any CPU.ActiveCfg = Debug|x64
		{B09C46E2-BD25-4F2D-A2F1-940AF36A5E11}.Debug|Any CPU.Build.0 = Debug|x64
		{B09C46E2-BD25-4F2D-A2F1-940AF36A5E11}.Debug|x64.ActiveCfg = Debug|x64
		{B09C46E2-BD25-4F2D-A2F1-940AF36A5E11}.Debug|x64.Build.0 = Debug|x64
		{B09C46E2-BD25-4F2D-A2F1-940AF36A5E11}.Debug|x86.ActiveCfg = Debug|Win32
		{B09C46E2-BD25-4F2D-A2F1-940AF36A5E11}.Debug|x86.Build.0 = Debug|Win32
		{B09C46E2-BD25-4F2D-A2F1-940AF36A5E11}.Release|Any CPU.ActiveCfg = Release|Win32
		{B09C46E2-BD25-4F2D-A2F1-940AF36A5E11}.Release|x64.ActiveCfg = Release|x64
		{B09C46E2-BD25-4F2D-A2F1-940AF36A5E11}.Release|x64.Build.0 = Release|x64
		{B09C46E2-BD25-4F2D-A2F1-940AF36A5E11}.Release|x86.ActiveCfg = Release|Win32
		{B09C46E2-BD25-4F2D-A2F1-940AF36A5E11}.Release|x86.Build.0 = Release|Win32
		{714E1E66-992D-4142-9340-20FD5DE434CE}.Debug|Any CPU.ActiveCfg = Debug|Any CPU
		{714E1E66-992D-4142-9340-20FD5DE434CE}.Debug|Any CPU.Build.0 = Debug|Any CPU
		{714E1E66-992D-4142-9340-20FD5DE434CE}.Debug|x64.ActiveCfg = Debug|Any CPU
		{714E1E66-992D-4142-9340-20FD5DE434CE}.Debug|x64.Build.0 = Debug|Any CPU
		{714E1E66-992D-4142-9340-20FD5DE434CE}.Debug|x86.ActiveCfg = Debug|Any CPU
		{714E1E66-992D-4142-9340-20FD5DE434CE}.Debug|x86.Build.0 = Debug|Any CPU
		{714E1E66-992D-4142-9340-20FD5DE434CE}.Release|Any CPU.ActiveCfg = Release|Any CPU
		{714E1E66-992D-4142-9340-20FD5DE434CE}.Release|Any CPU.Build.0 = Release|Any CPU
		{714E1E66-992D-4142-9340-20FD5DE434CE}.Release|x64.ActiveCfg = Release|Any CPU
		{714E1E66-992D-4142-9340-20FD5DE434CE}.Release|x64.Build.0 = Release|Any CPU
		{714E1E66-992D-4142-9340-20FD5DE434CE}.Release|x86.ActiveCfg = Release|Any CPU
		{714E1E66-992D-4142-9340-20FD5DE434CE}.Release|x86.Build.0 = Release|Any CPU
		{8C32D695-9356-438D-A3BC-74E66E11B697}.Debug|Any CPU.ActiveCfg = Debug|Any CPU
		{8C32D695-9356-438D-A3BC-74E66E11B697}.Debug|Any CPU.Build.0 = Debug|Any CPU
		{8C32D695-9356-438D-A3BC-74E66E11B697}.Debug|x64.ActiveCfg = Debug|Any CPU
		{8C32D695-9356-438D-A3BC-74E66E11B697}.Debug|x64.Build.0 = Debug|Any CPU
		{8C32D695-9356-438D-A3BC-74E66E11B697}.Debug|x86.ActiveCfg = Debug|Any CPU
		{8C32D695-9356-438D-A3BC-74E66E11B697}.Debug|x86.Build.0 = Debug|Any CPU
		{8C32D695-9356-438D-A3BC-74E66E11B697}.Release|Any CPU.ActiveCfg = Release|Any CPU
		{8C32D695-9356-438D-A3BC-74E66E11B697}.Release|Any CPU.Build.0 = Release|Any CPU
		{8C32D695-9356-438D-A3BC-74E66E11B697}.Release|x64.ActiveCfg = Release|Any CPU
		{8C32D695-9356-438D-A3BC-74E66E11B697}.Release|x64.Build.0 = Release|Any CPU
		{8C32D695-9356-438D-A3BC-74E66E11B697}.Release|x86.ActiveCfg = Release|Any CPU
		{8C32D695-9356-438D-A3BC-74E66E11B697}.Release|x86.Build.0 = Release|Any CPU
	EndGlobalSection
	GlobalSection(SolutionProperties) = preSolution
		HideSolutionNode = FALSE
	EndGlobalSection
EndGlobal
